// !$*UTF8*$!
{
	archiveVersion = 1;
	classes = {
	};
	objectVersion = 51;
	objects = {

/* Begin PBXBuildFile section */
		673E7AA17F98FCA8BDCB85FF /* Pods_PrayerMate.framework in Frameworks */ = {isa = PBXBuildFile; fileRef = 7E1AAC8FDC32641284F33D08 /* Pods_PrayerMate.framework */; };
		BD0C9043242358D5000B8EAC /* Home.storyboard in Resources */ = {isa = PBXBuildFile; fileRef = BD0C9042242358D5000B8EAC /* Home.storyboard */; };
		BD0C90482423A161000B8EAC /* HomeVC.swift in Sources */ = {isa = PBXBuildFile; fileRef = BD0C90472423A161000B8EAC /* HomeVC.swift */; };
		BD0C904A2423A4C8000B8EAC /* PrayerTimeCell.swift in Sources */ = {isa = PBXBuildFile; fileRef = BD0C90492423A4C8000B8EAC /* PrayerTimeCell.swift */; };
		BD0C904E2423A620000B8EAC /* HomeVCPresenter.swift in Sources */ = {isa = PBXBuildFile; fileRef = BD0C904D2423A620000B8EAC /* HomeVCPresenter.swift */; };
		BD0C90502423B175000B8EAC /* HomeVC+PresenterDelegate.swift in Sources */ = {isa = PBXBuildFile; fileRef = BD0C904F2423B175000B8EAC /* HomeVC+PresenterDelegate.swift */; };
		BD0C90532423B49D000B8EAC /* HomeVC+PrayerTimeCellDelegate.swift in Sources */ = {isa = PBXBuildFile; fileRef = BD0C90522423B49D000B8EAC /* HomeVC+PrayerTimeCellDelegate.swift */; };
		BD0C905524273A8B000B8EAC /* UIButton+Extension.swift in Sources */ = {isa = PBXBuildFile; fileRef = BD0C905424273A8B000B8EAC /* UIButton+Extension.swift */; };
		BD0C905924276C13000B8EAC /* LocationSearchtable.swift in Sources */ = {isa = PBXBuildFile; fileRef = BD0C905724276C12000B8EAC /* LocationSearchtable.swift */; };
		BD0C905A24276C13000B8EAC /* MapVC.swift in Sources */ = {isa = PBXBuildFile; fileRef = BD0C905824276C13000B8EAC /* MapVC.swift */; };
		BD0C905C242787E9000B8EAC /* PrayerTimeAnnual.swift in Sources */ = {isa = PBXBuildFile; fileRef = BD0C905B242787E9000B8EAC /* PrayerTimeAnnual.swift */; };
		BD12EB46242225EB00001437 /* RoundedButton.swift in Sources */ = {isa = PBXBuildFile; fileRef = BD12EB45242225EA00001437 /* RoundedButton.swift */; };
		BD12EB492422267F00001437 /* LocationVC.swift in Sources */ = {isa = PBXBuildFile; fileRef = BD12EB482422267F00001437 /* LocationVC.swift */; };
		BD12EB4B2422290C00001437 /* RoundedTextField.swift in Sources */ = {isa = PBXBuildFile; fileRef = BD12EB4A2422290B00001437 /* RoundedTextField.swift */; };
		BD287BCA243B0BD100373170 /* SplashVCPresenter.swift in Sources */ = {isa = PBXBuildFile; fileRef = BD287BC9243B0BD100373170 /* SplashVCPresenter.swift */; };
		BD287BCD243B466800373170 /* SettingVCPresenter.swift in Sources */ = {isa = PBXBuildFile; fileRef = BD287BCC243B466800373170 /* SettingVCPresenter.swift */; };
		BD287BD0243B50BA00373170 /* SettingsLocationVCPresenter.swift in Sources */ = {isa = PBXBuildFile; fileRef = BD287BCF243B50BA00373170 /* SettingsLocationVCPresenter.swift */; };
		BD2E0BF12431D64800D2B6E6 /* AboutVC.swift in Sources */ = {isa = PBXBuildFile; fileRef = BD2E0BF02431D64800D2B6E6 /* AboutVC.swift */; };
		BD371D902439DA3B00ED2874 /* CustomActionVC.swift in Sources */ = {isa = PBXBuildFile; fileRef = BD371D8F2439DA3B00ED2874 /* CustomActionVC.swift */; };
		BD42746D242A4459007DE9AC /* CustomJTAppleCalendarCell.swift in Sources */ = {isa = PBXBuildFile; fileRef = BD42746C242A4459007DE9AC /* CustomJTAppleCalendarCell.swift */; };
		BD5FC48D24320C5D0033BCCE /* BaseVC.swift in Sources */ = {isa = PBXBuildFile; fileRef = BD5FC48C24320C5D0033BCCE /* BaseVC.swift */; };
		BD65890F24307CA300FEE06C /* Settings.storyboard in Resources */ = {isa = PBXBuildFile; fileRef = BD65890E24307CA300FEE06C /* Settings.storyboard */; };
		BD6589152430944500FEE06C /* SettingVC.swift in Sources */ = {isa = PBXBuildFile; fileRef = BD6589142430944500FEE06C /* SettingVC.swift */; };
		BD65891E2430D0EC00FEE06C /* FrequentlyQuestionsVC.swift in Sources */ = {isa = PBXBuildFile; fileRef = BD65891B2430D0EC00FEE06C /* FrequentlyQuestionsVC.swift */; };
		BD6589212430D2B100FEE06C /* QuestionCell.swift in Sources */ = {isa = PBXBuildFile; fileRef = BD6589202430D2B100FEE06C /* QuestionCell.swift */; };
		BD77215824165829008A8947 /* PrayerTime.swift in Sources */ = {isa = PBXBuildFile; fileRef = BD77215724165829008A8947 /* PrayerTime.swift */; };
		BDA3F868241F712400705569 /* BundleExtension.swift in Sources */ = {isa = PBXBuildFile; fileRef = BDA3F864241F712100705569 /* BundleExtension.swift */; };
		BDA3F869241F712400705569 /* main.swift in Sources */ = {isa = PBXBuildFile; fileRef = BDA3F865241F712200705569 /* main.swift */; };
		BDA3F86A241F712400705569 /* LanguageManager.swift in Sources */ = {isa = PBXBuildFile; fileRef = BDA3F866241F712300705569 /* LanguageManager.swift */; };
		BDA3F86B241F712400705569 /* Application.swift in Sources */ = {isa = PBXBuildFile; fileRef = BDA3F867241F712400705569 /* Application.swift */; };
		BDA3F86D241F715D00705569 /* AppSetting.swift in Sources */ = {isa = PBXBuildFile; fileRef = BDA3F86C241F715D00705569 /* AppSetting.swift */; };
		BDA3F86F241F7AFC00705569 /* UserDefaultsUtility.swift in Sources */ = {isa = PBXBuildFile; fileRef = BDA3F86E241F7AFC00705569 /* UserDefaultsUtility.swift */; };
		BDA3F871241F7E2B00705569 /* localizedText+Extension.swift in Sources */ = {isa = PBXBuildFile; fileRef = BDA3F870241F7E2B00705569 /* localizedText+Extension.swift */; };
		BDA3F876241F80D400705569 /* Localizable.strings in Resources */ = {isa = PBXBuildFile; fileRef = BDA3F878241F80D400705569 /* Localizable.strings */; };
		BDA3F87F2420C86600705569 /* UIStoryboard+Extension.swift in Sources */ = {isa = PBXBuildFile; fileRef = BDA3F87E2420C86600705569 /* UIStoryboard+Extension.swift */; };
		BDA3F8822420CAAC00705569 /* LanguageVC.swift in Sources */ = {isa = PBXBuildFile; fileRef = BDA3F8812420CAAC00705569 /* LanguageVC.swift */; };
		BDA3F8842420DE5A00705569 /* ColorAssets.xcassets in Resources */ = {isa = PBXBuildFile; fileRef = BDA3F8832420DE5A00705569 /* ColorAssets.xcassets */; };
		BDA3F88624211E7400705569 /* ImageGif.swift in Sources */ = {isa = PBXBuildFile; fileRef = BDA3F88524211E7400705569 /* ImageGif.swift */; };
		BDAA26CB2404F3A80064C8D4 /* AppDelegate.swift in Sources */ = {isa = PBXBuildFile; fileRef = BDAA26CA2404F3A80064C8D4 /* AppDelegate.swift */; };
		BDAA26D22404F3A80064C8D4 /* Main.storyboard in Resources */ = {isa = PBXBuildFile; fileRef = BDAA26D02404F3A80064C8D4 /* Main.storyboard */; };
		BDAA26D42404F3A90064C8D4 /* Assets.xcassets in Resources */ = {isa = PBXBuildFile; fileRef = BDAA26D32404F3A90064C8D4 /* Assets.xcassets */; };
		BDAA26D72404F3A90064C8D4 /* LaunchScreen.storyboard in Resources */ = {isa = PBXBuildFile; fileRef = BDAA26D52404F3A90064C8D4 /* LaunchScreen.storyboard */; };
		BDAA26E32405416B0064C8D4 /* GoogleService-Info.plist in Resources */ = {isa = PBXBuildFile; fileRef = BDAA26E22405416B0064C8D4 /* GoogleService-Info.plist */; };
		BDCF6A68240D13B500DD46F7 /* MainViewController.swift in Sources */ = {isa = PBXBuildFile; fileRef = BDCF6A67240D13B500DD46F7 /* MainViewController.swift */; };
		BDCF6A6A240D16D400DD46F7 /* WelcomeViewController.swift in Sources */ = {isa = PBXBuildFile; fileRef = BDCF6A69240D16D400DD46F7 /* WelcomeViewController.swift */; };
		BDCF6A6C240D1E8500DD46F7 /* AuthSettings.plist in Resources */ = {isa = PBXBuildFile; fileRef = BDCF6A6B240D1E8500DD46F7 /* AuthSettings.plist */; };
		BDCF6A6F240D257A00DD46F7 /* AuthenticationManager.swift in Sources */ = {isa = PBXBuildFile; fileRef = BDCF6A6E240D257A00DD46F7 /* AuthenticationManager.swift */; };
		BDCF6A71240D273F00DD46F7 /* GraphManager.swift in Sources */ = {isa = PBXBuildFile; fileRef = BDCF6A70240D273F00DD46F7 /* GraphManager.swift */; };
		BDD1F7442417AA8A006B87B7 /* SplashVC.swift in Sources */ = {isa = PBXBuildFile; fileRef = BDD1F7432417AA8A006B87B7 /* SplashVC.swift */; };
		BDD1F7492417B5C7006B87B7 /* UIImage+Extension.swift in Sources */ = {isa = PBXBuildFile; fileRef = BDD1F7462417B5C5006B87B7 /* UIImage+Extension.swift */; };
		BDD1F74A2417B5C7006B87B7 /* UIString+Extension.swift in Sources */ = {isa = PBXBuildFile; fileRef = BDD1F7472417B5C6006B87B7 /* UIString+Extension.swift */; };
		BDD1F74B2417B5C7006B87B7 /* UIColor+Externsion.swift in Sources */ = {isa = PBXBuildFile; fileRef = BDD1F7482417B5C7006B87B7 /* UIColor+Externsion.swift */; };
		BDD1F74E2417B5E3006B87B7 /* Constants.swift in Sources */ = {isa = PBXBuildFile; fileRef = BDD1F74C2417B5E2006B87B7 /* Constants.swift */; };
		BDD1F74F2417B5E3006B87B7 /* Font.swift in Sources */ = {isa = PBXBuildFile; fileRef = BDD1F74D2417B5E3006B87B7 /* Font.swift */; };
		BDD1F7512417B60E006B87B7 /* Helper.swift in Sources */ = {isa = PBXBuildFile; fileRef = BDD1F7502417B60E006B87B7 /* Helper.swift */; };
		BDFCFE432418E78A0033D031 /* UIViewExtension.swift in Sources */ = {isa = PBXBuildFile; fileRef = BDFCFE412418E78A0033D031 /* UIViewExtension.swift */; };
		BDFCFE442418E78A0033D031 /* UIFontExtension.swift in Sources */ = {isa = PBXBuildFile; fileRef = BDFCFE422418E78A0033D031 /* UIFontExtension.swift */; };
		BDFCFE49241E4B310033D031 /* SYActivityIndicatorView.swift in Sources */ = {isa = PBXBuildFile; fileRef = BDFCFE48241E4B310033D031 /* SYActivityIndicatorView.swift */; };
		BDFFDA56243252B70066F493 /* CalendarMethodVC.swift in Sources */ = {isa = PBXBuildFile; fileRef = BDFFDA55243252B70066F493 /* CalendarMethodVC.swift */; };
		BDFFDA5F2432E07D0066F493 /* CalendarMethodCell.swift in Sources */ = {isa = PBXBuildFile; fileRef = BDFFDA5E2432E07D0066F493 /* CalendarMethodCell.swift */; };
		BDFFDA622432EEDD0066F493 /* SettingCell.swift in Sources */ = {isa = PBXBuildFile; fileRef = BDFFDA612432EEDD0066F493 /* SettingCell.swift */; };
		BDFFDA662432F5B80066F493 /* SettingVC+delegate.swift in Sources */ = {isa = PBXBuildFile; fileRef = BDFFDA652432F5B80066F493 /* SettingVC+delegate.swift */; };
		BDFFDA69243359180066F493 /* SettingsLocationVC.swift in Sources */ = {isa = PBXBuildFile; fileRef = BDFFDA68243359180066F493 /* SettingsLocationVC.swift */; };
		BDFFDA6D24338A9C0066F493 /* MapNavVC.swift in Sources */ = {isa = PBXBuildFile; fileRef = BDFFDA6C24338A9C0066F493 /* MapNavVC.swift */; };
		BDFFDA702434C44A0066F493 /* ImportToCalendarVC.swift in Sources */ = {isa = PBXBuildFile; fileRef = BDFFDA6F2434C44A0066F493 /* ImportToCalendarVC.swift */; };
		BDFFDA7324360D7F0066F493 /* PrayerTimeBufferVC.swift in Sources */ = {isa = PBXBuildFile; fileRef = BDFFDA7224360D7F0066F493 /* PrayerTimeBufferVC.swift */; };
		BDFFDA7624361D660066F493 /* PrayerTimeBufferCell.swift in Sources */ = {isa = PBXBuildFile; fileRef = BDFFDA7524361D660066F493 /* PrayerTimeBufferCell.swift */; };
		BDFFDA7A24361E5C0066F493 /* PrayerTimeBufferVCPresenter.swift in Sources */ = {isa = PBXBuildFile; fileRef = BDFFDA7924361E5C0066F493 /* PrayerTimeBufferVCPresenter.swift */; };
		BDFFDA7C243622400066F493 /* PrayerTimeBufferVC+PresenterDelegate.swift in Sources */ = {isa = PBXBuildFile; fileRef = BDFFDA7B243622400066F493 /* PrayerTimeBufferVC+PresenterDelegate.swift */; };
		BDFFDA7E243635870066F493 /* PrayerTimeBuffer.swift in Sources */ = {isa = PBXBuildFile; fileRef = BDFFDA7D243635860066F493 /* PrayerTimeBuffer.swift */; };
/* End PBXBuildFile section */

/* Begin PBXFileReference section */
		7E1AAC8FDC32641284F33D08 /* Pods_PrayerMate.framework */ = {isa = PBXFileReference; explicitFileType = wrapper.framework; includeInIndex = 0; path = Pods_PrayerMate.framework; sourceTree = BUILT_PRODUCTS_DIR; };
		99F20701864EACE850C8951F /* Pods-PrayerMate.release.xcconfig */ = {isa = PBXFileReference; includeInIndex = 1; lastKnownFileType = text.xcconfig; name = "Pods-PrayerMate.release.xcconfig"; path = "Target Support Files/Pods-PrayerMate/Pods-PrayerMate.release.xcconfig"; sourceTree = "<group>"; };
		B9165590C6B8B564D385D5DC /* Pods-PrayerMate.debug.xcconfig */ = {isa = PBXFileReference; includeInIndex = 1; lastKnownFileType = text.xcconfig; name = "Pods-PrayerMate.debug.xcconfig"; path = "Target Support Files/Pods-PrayerMate/Pods-PrayerMate.debug.xcconfig"; sourceTree = "<group>"; };
		BD0C9042242358D5000B8EAC /* Home.storyboard */ = {isa = PBXFileReference; fileEncoding = 4; lastKnownFileType = file.storyboard; path = Home.storyboard; sourceTree = "<group>"; };
		BD0C90472423A161000B8EAC /* HomeVC.swift */ = {isa = PBXFileReference; lastKnownFileType = sourcecode.swift; path = HomeVC.swift; sourceTree = "<group>"; };
		BD0C90492423A4C8000B8EAC /* PrayerTimeCell.swift */ = {isa = PBXFileReference; lastKnownFileType = sourcecode.swift; path = PrayerTimeCell.swift; sourceTree = "<group>"; };
		BD0C904D2423A620000B8EAC /* HomeVCPresenter.swift */ = {isa = PBXFileReference; lastKnownFileType = sourcecode.swift; path = HomeVCPresenter.swift; sourceTree = "<group>"; };
		BD0C904F2423B175000B8EAC /* HomeVC+PresenterDelegate.swift */ = {isa = PBXFileReference; lastKnownFileType = sourcecode.swift; path = "HomeVC+PresenterDelegate.swift"; sourceTree = "<group>"; };
		BD0C90522423B49D000B8EAC /* HomeVC+PrayerTimeCellDelegate.swift */ = {isa = PBXFileReference; lastKnownFileType = sourcecode.swift; path = "HomeVC+PrayerTimeCellDelegate.swift"; sourceTree = "<group>"; };
		BD0C905424273A8B000B8EAC /* UIButton+Extension.swift */ = {isa = PBXFileReference; lastKnownFileType = sourcecode.swift; path = "UIButton+Extension.swift"; sourceTree = "<group>"; };
		BD0C905724276C12000B8EAC /* LocationSearchtable.swift */ = {isa = PBXFileReference; fileEncoding = 4; lastKnownFileType = sourcecode.swift; path = LocationSearchtable.swift; sourceTree = "<group>"; };
		BD0C905824276C13000B8EAC /* MapVC.swift */ = {isa = PBXFileReference; fileEncoding = 4; lastKnownFileType = sourcecode.swift; path = MapVC.swift; sourceTree = "<group>"; };
		BD0C905B242787E9000B8EAC /* PrayerTimeAnnual.swift */ = {isa = PBXFileReference; lastKnownFileType = sourcecode.swift; path = PrayerTimeAnnual.swift; sourceTree = "<group>"; };
		BD12EB45242225EA00001437 /* RoundedButton.swift */ = {isa = PBXFileReference; fileEncoding = 4; lastKnownFileType = sourcecode.swift; path = RoundedButton.swift; sourceTree = "<group>"; };
		BD12EB482422267F00001437 /* LocationVC.swift */ = {isa = PBXFileReference; lastKnownFileType = sourcecode.swift; path = LocationVC.swift; sourceTree = "<group>"; };
		BD12EB4A2422290B00001437 /* RoundedTextField.swift */ = {isa = PBXFileReference; fileEncoding = 4; lastKnownFileType = sourcecode.swift; path = RoundedTextField.swift; sourceTree = "<group>"; };
		BD287BC9243B0BD100373170 /* SplashVCPresenter.swift */ = {isa = PBXFileReference; lastKnownFileType = sourcecode.swift; path = SplashVCPresenter.swift; sourceTree = "<group>"; };
		BD287BCC243B466800373170 /* SettingVCPresenter.swift */ = {isa = PBXFileReference; lastKnownFileType = sourcecode.swift; path = SettingVCPresenter.swift; sourceTree = "<group>"; };
		BD287BCF243B50BA00373170 /* SettingsLocationVCPresenter.swift */ = {isa = PBXFileReference; lastKnownFileType = sourcecode.swift; path = SettingsLocationVCPresenter.swift; sourceTree = "<group>"; };
		BD2E0BF02431D64800D2B6E6 /* AboutVC.swift */ = {isa = PBXFileReference; fileEncoding = 4; lastKnownFileType = sourcecode.swift; path = AboutVC.swift; sourceTree = "<group>"; };
		BD371D8F2439DA3B00ED2874 /* CustomActionVC.swift */ = {isa = PBXFileReference; lastKnownFileType = sourcecode.swift; path = CustomActionVC.swift; sourceTree = "<group>"; };
		BD42746C242A4459007DE9AC /* CustomJTAppleCalendarCell.swift */ = {isa = PBXFileReference; lastKnownFileType = sourcecode.swift; path = CustomJTAppleCalendarCell.swift; sourceTree = "<group>"; };
		BD5FC48C24320C5D0033BCCE /* BaseVC.swift */ = {isa = PBXFileReference; fileEncoding = 4; lastKnownFileType = sourcecode.swift; path = BaseVC.swift; sourceTree = "<group>"; };
		BD65890E24307CA300FEE06C /* Settings.storyboard */ = {isa = PBXFileReference; lastKnownFileType = file.storyboard; path = Settings.storyboard; sourceTree = "<group>"; };
		BD6589142430944500FEE06C /* SettingVC.swift */ = {isa = PBXFileReference; lastKnownFileType = sourcecode.swift; path = SettingVC.swift; sourceTree = "<group>"; };
		BD65891B2430D0EC00FEE06C /* FrequentlyQuestionsVC.swift */ = {isa = PBXFileReference; fileEncoding = 4; lastKnownFileType = sourcecode.swift; path = FrequentlyQuestionsVC.swift; sourceTree = "<group>"; };
		BD6589202430D2B100FEE06C /* QuestionCell.swift */ = {isa = PBXFileReference; fileEncoding = 4; lastKnownFileType = sourcecode.swift; path = QuestionCell.swift; sourceTree = "<group>"; };
		BD77215724165829008A8947 /* PrayerTime.swift */ = {isa = PBXFileReference; lastKnownFileType = sourcecode.swift; path = PrayerTime.swift; sourceTree = "<group>"; };
		BDA3F864241F712100705569 /* BundleExtension.swift */ = {isa = PBXFileReference; fileEncoding = 4; lastKnownFileType = sourcecode.swift; path = BundleExtension.swift; sourceTree = "<group>"; };
		BDA3F865241F712200705569 /* main.swift */ = {isa = PBXFileReference; fileEncoding = 4; lastKnownFileType = sourcecode.swift; path = main.swift; sourceTree = "<group>"; };
		BDA3F866241F712300705569 /* LanguageManager.swift */ = {isa = PBXFileReference; fileEncoding = 4; lastKnownFileType = sourcecode.swift; path = LanguageManager.swift; sourceTree = "<group>"; };
		BDA3F867241F712400705569 /* Application.swift */ = {isa = PBXFileReference; fileEncoding = 4; lastKnownFileType = sourcecode.swift; path = Application.swift; sourceTree = "<group>"; };
		BDA3F86C241F715D00705569 /* AppSetting.swift */ = {isa = PBXFileReference; lastKnownFileType = sourcecode.swift; path = AppSetting.swift; sourceTree = "<group>"; };
		BDA3F86E241F7AFC00705569 /* UserDefaultsUtility.swift */ = {isa = PBXFileReference; fileEncoding = 4; lastKnownFileType = sourcecode.swift; path = UserDefaultsUtility.swift; sourceTree = "<group>"; };
		BDA3F870241F7E2B00705569 /* localizedText+Extension.swift */ = {isa = PBXFileReference; lastKnownFileType = sourcecode.swift; path = "localizedText+Extension.swift"; sourceTree = "<group>"; };
		BDA3F872241F7EF600705569 /* ar-SA */ = {isa = PBXFileReference; lastKnownFileType = text.plist.strings; name = "ar-SA"; path = "ar-SA.lproj/Main.strings"; sourceTree = "<group>"; };
		BDA3F873241F7EF700705569 /* ar-SA */ = {isa = PBXFileReference; lastKnownFileType = text.plist.strings; name = "ar-SA"; path = "ar-SA.lproj/LaunchScreen.strings"; sourceTree = "<group>"; };
		BDA3F877241F80D400705569 /* en */ = {isa = PBXFileReference; lastKnownFileType = text.plist.strings; name = en; path = en.lproj/Localizable.strings; sourceTree = "<group>"; };
		BDA3F879241F80D800705569 /* ar-SA */ = {isa = PBXFileReference; lastKnownFileType = text.plist.strings; name = "ar-SA"; path = "ar-SA.lproj/Localizable.strings"; sourceTree = "<group>"; };
		BDA3F87E2420C86600705569 /* UIStoryboard+Extension.swift */ = {isa = PBXFileReference; fileEncoding = 4; lastKnownFileType = sourcecode.swift; path = "UIStoryboard+Extension.swift"; sourceTree = "<group>"; };
		BDA3F8812420CAAC00705569 /* LanguageVC.swift */ = {isa = PBXFileReference; lastKnownFileType = sourcecode.swift; path = LanguageVC.swift; sourceTree = "<group>"; };
		BDA3F8832420DE5A00705569 /* ColorAssets.xcassets */ = {isa = PBXFileReference; lastKnownFileType = folder.assetcatalog; path = ColorAssets.xcassets; sourceTree = "<group>"; };
		BDA3F88524211E7400705569 /* ImageGif.swift */ = {isa = PBXFileReference; lastKnownFileType = sourcecode.swift; path = ImageGif.swift; sourceTree = "<group>"; };
		BDAA26C72404F3A80064C8D4 /* PrayerMate.app */ = {isa = PBXFileReference; explicitFileType = wrapper.application; includeInIndex = 0; path = PrayerMate.app; sourceTree = BUILT_PRODUCTS_DIR; };
		BDAA26CA2404F3A80064C8D4 /* AppDelegate.swift */ = {isa = PBXFileReference; lastKnownFileType = sourcecode.swift; path = AppDelegate.swift; sourceTree = "<group>"; };
		BDAA26D12404F3A80064C8D4 /* Base */ = {isa = PBXFileReference; lastKnownFileType = file.storyboard; name = Base; path = Base.lproj/Main.storyboard; sourceTree = "<group>"; };
		BDAA26D32404F3A90064C8D4 /* Assets.xcassets */ = {isa = PBXFileReference; lastKnownFileType = folder.assetcatalog; path = Assets.xcassets; sourceTree = "<group>"; };
		BDAA26D62404F3A90064C8D4 /* Base */ = {isa = PBXFileReference; lastKnownFileType = file.storyboard; name = Base; path = Base.lproj/LaunchScreen.storyboard; sourceTree = "<group>"; };
		BDAA26D82404F3A90064C8D4 /* Info.plist */ = {isa = PBXFileReference; lastKnownFileType = text.plist.xml; path = Info.plist; sourceTree = "<group>"; };
		BDAA26E22405416B0064C8D4 /* GoogleService-Info.plist */ = {isa = PBXFileReference; fileEncoding = 4; lastKnownFileType = text.plist.xml; path = "GoogleService-Info.plist"; sourceTree = "<group>"; };
		BDCF6A67240D13B500DD46F7 /* MainViewController.swift */ = {isa = PBXFileReference; lastKnownFileType = sourcecode.swift; path = MainViewController.swift; sourceTree = "<group>"; };
		BDCF6A69240D16D400DD46F7 /* WelcomeViewController.swift */ = {isa = PBXFileReference; lastKnownFileType = sourcecode.swift; path = WelcomeViewController.swift; sourceTree = "<group>"; };
		BDCF6A6B240D1E8500DD46F7 /* AuthSettings.plist */ = {isa = PBXFileReference; lastKnownFileType = text.plist.xml; path = AuthSettings.plist; sourceTree = "<group>"; };
		BDCF6A6D240D216100DD46F7 /* PrayerMate.entitlements */ = {isa = PBXFileReference; lastKnownFileType = text.plist.entitlements; path = PrayerMate.entitlements; sourceTree = "<group>"; };
		BDCF6A6E240D257A00DD46F7 /* AuthenticationManager.swift */ = {isa = PBXFileReference; lastKnownFileType = sourcecode.swift; path = AuthenticationManager.swift; sourceTree = "<group>"; };
		BDCF6A70240D273F00DD46F7 /* GraphManager.swift */ = {isa = PBXFileReference; lastKnownFileType = sourcecode.swift; path = GraphManager.swift; sourceTree = "<group>"; };
		BDD1F7432417AA8A006B87B7 /* SplashVC.swift */ = {isa = PBXFileReference; fileEncoding = 4; lastKnownFileType = sourcecode.swift; path = SplashVC.swift; sourceTree = "<group>"; };
		BDD1F7462417B5C5006B87B7 /* UIImage+Extension.swift */ = {isa = PBXFileReference; fileEncoding = 4; lastKnownFileType = sourcecode.swift; path = "UIImage+Extension.swift"; sourceTree = "<group>"; };
		BDD1F7472417B5C6006B87B7 /* UIString+Extension.swift */ = {isa = PBXFileReference; fileEncoding = 4; lastKnownFileType = sourcecode.swift; path = "UIString+Extension.swift"; sourceTree = "<group>"; };
		BDD1F7482417B5C7006B87B7 /* UIColor+Externsion.swift */ = {isa = PBXFileReference; fileEncoding = 4; lastKnownFileType = sourcecode.swift; path = "UIColor+Externsion.swift"; sourceTree = "<group>"; };
		BDD1F74C2417B5E2006B87B7 /* Constants.swift */ = {isa = PBXFileReference; fileEncoding = 4; lastKnownFileType = sourcecode.swift; path = Constants.swift; sourceTree = "<group>"; };
		BDD1F74D2417B5E3006B87B7 /* Font.swift */ = {isa = PBXFileReference; fileEncoding = 4; lastKnownFileType = sourcecode.swift; path = Font.swift; sourceTree = "<group>"; };
		BDD1F7502417B60E006B87B7 /* Helper.swift */ = {isa = PBXFileReference; fileEncoding = 4; lastKnownFileType = sourcecode.swift; path = Helper.swift; sourceTree = "<group>"; };
		BDFCFE412418E78A0033D031 /* UIViewExtension.swift */ = {isa = PBXFileReference; fileEncoding = 4; lastKnownFileType = sourcecode.swift; path = UIViewExtension.swift; sourceTree = "<group>"; };
		BDFCFE422418E78A0033D031 /* UIFontExtension.swift */ = {isa = PBXFileReference; fileEncoding = 4; lastKnownFileType = sourcecode.swift; path = UIFontExtension.swift; sourceTree = "<group>"; };
		BDFCFE48241E4B310033D031 /* SYActivityIndicatorView.swift */ = {isa = PBXFileReference; fileEncoding = 4; lastKnownFileType = sourcecode.swift; path = SYActivityIndicatorView.swift; sourceTree = "<group>"; };
		BDFFDA55243252B70066F493 /* CalendarMethodVC.swift */ = {isa = PBXFileReference; lastKnownFileType = sourcecode.swift; path = CalendarMethodVC.swift; sourceTree = "<group>"; };
		BDFFDA5E2432E07D0066F493 /* CalendarMethodCell.swift */ = {isa = PBXFileReference; lastKnownFileType = sourcecode.swift; path = CalendarMethodCell.swift; sourceTree = "<group>"; };
		BDFFDA612432EEDD0066F493 /* SettingCell.swift */ = {isa = PBXFileReference; lastKnownFileType = sourcecode.swift; path = SettingCell.swift; sourceTree = "<group>"; };
		BDFFDA652432F5B80066F493 /* SettingVC+delegate.swift */ = {isa = PBXFileReference; lastKnownFileType = sourcecode.swift; path = "SettingVC+delegate.swift"; sourceTree = "<group>"; };
		BDFFDA68243359180066F493 /* SettingsLocationVC.swift */ = {isa = PBXFileReference; lastKnownFileType = sourcecode.swift; path = SettingsLocationVC.swift; sourceTree = "<group>"; };
		BDFFDA6C24338A9C0066F493 /* MapNavVC.swift */ = {isa = PBXFileReference; lastKnownFileType = sourcecode.swift; path = MapNavVC.swift; sourceTree = "<group>"; };
		BDFFDA6F2434C44A0066F493 /* ImportToCalendarVC.swift */ = {isa = PBXFileReference; lastKnownFileType = sourcecode.swift; path = ImportToCalendarVC.swift; sourceTree = "<group>"; };
		BDFFDA7224360D7F0066F493 /* PrayerTimeBufferVC.swift */ = {isa = PBXFileReference; lastKnownFileType = sourcecode.swift; path = PrayerTimeBufferVC.swift; sourceTree = "<group>"; };
		BDFFDA7524361D660066F493 /* PrayerTimeBufferCell.swift */ = {isa = PBXFileReference; lastKnownFileType = sourcecode.swift; path = PrayerTimeBufferCell.swift; sourceTree = "<group>"; };
		BDFFDA7924361E5C0066F493 /* PrayerTimeBufferVCPresenter.swift */ = {isa = PBXFileReference; lastKnownFileType = sourcecode.swift; path = PrayerTimeBufferVCPresenter.swift; sourceTree = "<group>"; };
		BDFFDA7B243622400066F493 /* PrayerTimeBufferVC+PresenterDelegate.swift */ = {isa = PBXFileReference; lastKnownFileType = sourcecode.swift; path = "PrayerTimeBufferVC+PresenterDelegate.swift"; sourceTree = "<group>"; };
		BDFFDA7D243635860066F493 /* PrayerTimeBuffer.swift */ = {isa = PBXFileReference; lastKnownFileType = sourcecode.swift; path = PrayerTimeBuffer.swift; sourceTree = "<group>"; };
/* End PBXFileReference section */

/* Begin PBXFrameworksBuildPhase section */
		BDAA26C42404F3A80064C8D4 /* Frameworks */ = {
			isa = PBXFrameworksBuildPhase;
			buildActionMask = 2147483647;
			files = (
				673E7AA17F98FCA8BDCB85FF /* Pods_PrayerMate.framework in Frameworks */,
			);
			runOnlyForDeploymentPostprocessing = 0;
		};
/* End PBXFrameworksBuildPhase section */

/* Begin PBXGroup section */
		BD0C90442423A122000B8EAC /* HomeStoryBoard */ = {
			isa = PBXGroup;
			children = (
				BD0C90462423A143000B8EAC /* View */,
				BD0C90452423A13B000B8EAC /* Presenter */,
			);
			path = HomeStoryBoard;
			sourceTree = "<group>";
		};
		BD0C90452423A13B000B8EAC /* Presenter */ = {
			isa = PBXGroup;
			children = (
				BD0C904C2423A60C000B8EAC /* Home */,
			);
			path = Presenter;
			sourceTree = "<group>";
		};
		BD0C90462423A143000B8EAC /* View */ = {
			isa = PBXGroup;
			children = (
				BD0C904B2423A5E8000B8EAC /* Home */,
			);
			path = View;
			sourceTree = "<group>";
		};
		BD0C904B2423A5E8000B8EAC /* Home */ = {
			isa = PBXGroup;
			children = (
				BD0C90472423A161000B8EAC /* HomeVC.swift */,
				BD0C904F2423B175000B8EAC /* HomeVC+PresenterDelegate.swift */,
				BD0C90522423B49D000B8EAC /* HomeVC+PrayerTimeCellDelegate.swift */,
				BD751ADD242A42CF005A9764 /* PrayerCell */,
				BD751ADE242A42F5005A9764 /* JTAppleCalendar Cell */,
			);
			path = Home;
			sourceTree = "<group>";
		};
		BD0C904C2423A60C000B8EAC /* Home */ = {
			isa = PBXGroup;
			children = (
				BD0C904D2423A620000B8EAC /* HomeVCPresenter.swift */,
			);
			path = Home;
			sourceTree = "<group>";
		};
		BD0C905624276BD2000B8EAC /* Map */ = {
			isa = PBXGroup;
			children = (
				BD0C905724276C12000B8EAC /* LocationSearchtable.swift */,
				BD0C905824276C13000B8EAC /* MapVC.swift */,
				BDFFDA6C24338A9C0066F493 /* MapNavVC.swift */,
			);
			path = Map;
			sourceTree = "<group>";
		};
		BD12EB472422266800001437 /* Location */ = {
			isa = PBXGroup;
			children = (
				BD12EB482422267F00001437 /* LocationVC.swift */,
				BD0C905624276BD2000B8EAC /* Map */,
			);
			path = Location;
			sourceTree = "<group>";
		};
		BD287BCB243B464600373170 /* Settings */ = {
			isa = PBXGroup;
			children = (
				BD287BCC243B466800373170 /* SettingVCPresenter.swift */,
			);
			path = Settings;
			sourceTree = "<group>";
		};
		BD287BCE243B509D00373170 /* SettingsLocation */ = {
			isa = PBXGroup;
			children = (
				BD287BCF243B50BA00373170 /* SettingsLocationVCPresenter.swift */,
			);
			path = SettingsLocation;
			sourceTree = "<group>";
		};
		BD2E0BEF2431D5F800D2B6E6 /* About */ = {
			isa = PBXGroup;
			children = (
				BD2E0BF02431D64800D2B6E6 /* AboutVC.swift */,
			);
			path = About;
			sourceTree = "<group>";
		};
		BD371D8E2439DA0D00ED2874 /* CustomAction */ = {
			isa = PBXGroup;
			children = (
				BD371D8F2439DA3B00ED2874 /* CustomActionVC.swift */,
			);
			path = CustomAction;
			sourceTree = "<group>";
		};
		BD658910243093FF00FEE06C /* Settings */ = {
			isa = PBXGroup;
			children = (
				BD6589112430941100FEE06C /* View */,
				BDFFDA7724361E0F0066F493 /* Presenter */,
			);
			path = Settings;
			sourceTree = "<group>";
		};
		BD6589112430941100FEE06C /* View */ = {
			isa = PBXGroup;
			children = (
				BD6589162430C7BA00FEE06C /* Settings */,
				BD6589182430D09200FEE06C /* FAQ */,
				BD2E0BEF2431D5F800D2B6E6 /* About */,
				BDFFDA542432526F0066F493 /* CalendarMethod */,
				BDFFDA67243358F20066F493 /* SettingsLocation */,
				BDFFDA6E2434C4270066F493 /* ImportToCalendar */,
				BDFFDA7124360D5D0066F493 /* PrayerTimeBuffer */,
				BD371D8E2439DA0D00ED2874 /* CustomAction */,
			);
			path = View;
			sourceTree = "<group>";
		};
		BD6589162430C7BA00FEE06C /* Settings */ = {
			isa = PBXGroup;
			children = (
				BD6589142430944500FEE06C /* SettingVC.swift */,
				BDFFDA652432F5B80066F493 /* SettingVC+delegate.swift */,
				BDFFDA602432EEBA0066F493 /* SettingCell */,
			);
			path = Settings;
			sourceTree = "<group>";
		};
		BD6589182430D09200FEE06C /* FAQ */ = {
			isa = PBXGroup;
			children = (
				BD65891B2430D0EC00FEE06C /* FrequentlyQuestionsVC.swift */,
				BD65891F2430D28A00FEE06C /* QuestionCell */,
			);
			path = FAQ;
			sourceTree = "<group>";
		};
		BD65891F2430D28A00FEE06C /* QuestionCell */ = {
			isa = PBXGroup;
			children = (
				BD6589202430D2B100FEE06C /* QuestionCell.swift */,
			);
			path = QuestionCell;
			sourceTree = "<group>";
		};
		BD751ADD242A42CF005A9764 /* PrayerCell */ = {
			isa = PBXGroup;
			children = (
				BD0C90492423A4C8000B8EAC /* PrayerTimeCell.swift */,
			);
			path = PrayerCell;
			sourceTree = "<group>";
		};
		BD751ADE242A42F5005A9764 /* JTAppleCalendar Cell */ = {
			isa = PBXGroup;
			children = (
				BD42746C242A4459007DE9AC /* CustomJTAppleCalendarCell.swift */,
			);
			path = "JTAppleCalendar Cell";
			sourceTree = "<group>";
		};
		BD772156241657E3008A8947 /* Model */ = {
			isa = PBXGroup;
			children = (
				BD77215724165829008A8947 /* PrayerTime.swift */,
				BD0C905B242787E9000B8EAC /* PrayerTimeAnnual.swift */,
				BDFFDA7D243635860066F493 /* PrayerTimeBuffer.swift */,
				BDD1F73B2417A8EB006B87B7 /* MicrosoftCalendarSDKFiles */,
			);
			path = Model;
			sourceTree = "<group>";
		};
		BDA3F863241F70F600705569 /* Localization */ = {
			isa = PBXGroup;
			children = (
				BDA3F867241F712400705569 /* Application.swift */,
				BDA3F864241F712100705569 /* BundleExtension.swift */,
				BDA3F866241F712300705569 /* LanguageManager.swift */,
				BDA3F865241F712200705569 /* main.swift */,
				BDA3F86C241F715D00705569 /* AppSetting.swift */,
				BDA3F86E241F7AFC00705569 /* UserDefaultsUtility.swift */,
				BDA3F878241F80D400705569 /* Localizable.strings */,
			);
			path = Localization;
			sourceTree = "<group>";
		};
		BDA3F8802420CA9100705569 /* Language */ = {
			isa = PBXGroup;
			children = (
				BDA3F8812420CAAC00705569 /* LanguageVC.swift */,
			);
			path = Language;
			sourceTree = "<group>";
		};
		BDAA26BE2404F3A70064C8D4 = {
			isa = PBXGroup;
			children = (
				BDAA26C92404F3A80064C8D4 /* PrayerMate */,
				BDAA26C82404F3A80064C8D4 /* Products */,
				D81FA761D7CC63B71CE87CE0 /* Pods */,
				C7827DD965501B07B1947142 /* Frameworks */,
			);
			sourceTree = "<group>";
		};
		BDAA26C82404F3A80064C8D4 /* Products */ = {
			isa = PBXGroup;
			children = (
				BDAA26C72404F3A80064C8D4 /* PrayerMate.app */,
			);
			name = Products;
			sourceTree = "<group>";
		};
		BDAA26C92404F3A80064C8D4 /* PrayerMate */ = {
			isa = PBXGroup;
			children = (
				BDCF6A6D240D216100DD46F7 /* PrayerMate.entitlements */,
				BDD1F7452417B5A4006B87B7 /* Fonts */,
				BD772156241657E3008A8947 /* Model */,
				BDD1F7372417A7CD006B87B7 /* Storyboards */,
				BDD1F7362417A79A006B87B7 /* Scenes */,
				BDD1F7382417A7DD006B87B7 /* Core */,
				BDD1F7392417A7EE006B87B7 /* Resources */,
				BDD1F73A2417A800006B87B7 /* Extensions */,
				BDAA26D32404F3A90064C8D4 /* Assets.xcassets */,
				BDA3F8832420DE5A00705569 /* ColorAssets.xcassets */,
				BDAA26D52404F3A90064C8D4 /* LaunchScreen.storyboard */,
				BDAA26D82404F3A90064C8D4 /* Info.plist */,
				BDAA26E22405416B0064C8D4 /* GoogleService-Info.plist */,
				BDCF6A6B240D1E8500DD46F7 /* AuthSettings.plist */,
			);
			path = PrayerMate;
			sourceTree = "<group>";
		};
		BDD1F7362417A79A006B87B7 /* Scenes */ = {
			isa = PBXGroup;
			children = (
				BDD1F73C2417A949006B87B7 /* MainStoryBoard */,
				BD0C90442423A122000B8EAC /* HomeStoryBoard */,
				BD658910243093FF00FEE06C /* Settings */,
			);
			path = Scenes;
			sourceTree = "<group>";
		};
		BDD1F7372417A7CD006B87B7 /* Storyboards */ = {
			isa = PBXGroup;
			children = (
				BDAA26D02404F3A80064C8D4 /* Main.storyboard */,
				BD0C9042242358D5000B8EAC /* Home.storyboard */,
				BD65890E24307CA300FEE06C /* Settings.storyboard */,
			);
			path = Storyboards;
			sourceTree = "<group>";
		};
		BDD1F7382417A7DD006B87B7 /* Core */ = {
			isa = PBXGroup;
			children = (
				BDAA26CA2404F3A80064C8D4 /* AppDelegate.swift */,
			);
			path = Core;
			sourceTree = "<group>";
		};
		BDD1F7392417A7EE006B87B7 /* Resources */ = {
			isa = PBXGroup;
			children = (
				BD5FC48C24320C5D0033BCCE /* BaseVC.swift */,
				BD12EB4A2422290B00001437 /* RoundedTextField.swift */,
				BD12EB45242225EA00001437 /* RoundedButton.swift */,
				BDD1F7502417B60E006B87B7 /* Helper.swift */,
				BDD1F74C2417B5E2006B87B7 /* Constants.swift */,
				BDD1F74D2417B5E3006B87B7 /* Font.swift */,
				BDFCFE47241E4AF80033D031 /* Loader */,
				BDA3F863241F70F600705569 /* Localization */,
				BDA3F88524211E7400705569 /* ImageGif.swift */,
			);
			path = Resources;
			sourceTree = "<group>";
		};
		BDD1F73A2417A800006B87B7 /* Extensions */ = {
			isa = PBXGroup;
			children = (
				BDA3F87E2420C86600705569 /* UIStoryboard+Extension.swift */,
				BDFCFE422418E78A0033D031 /* UIFontExtension.swift */,
				BDFCFE412418E78A0033D031 /* UIViewExtension.swift */,
				BDD1F7482417B5C7006B87B7 /* UIColor+Externsion.swift */,
				BDD1F7462417B5C5006B87B7 /* UIImage+Extension.swift */,
				BDD1F7472417B5C6006B87B7 /* UIString+Extension.swift */,
				BDA3F870241F7E2B00705569 /* localizedText+Extension.swift */,
				BD0C905424273A8B000B8EAC /* UIButton+Extension.swift */,
			);
			path = Extensions;
			sourceTree = "<group>";
		};
		BDD1F73B2417A8EB006B87B7 /* MicrosoftCalendarSDKFiles */ = {
			isa = PBXGroup;
			children = (
				BDCF6A6E240D257A00DD46F7 /* AuthenticationManager.swift */,
				BDCF6A70240D273F00DD46F7 /* GraphManager.swift */,
			);
			path = MicrosoftCalendarSDKFiles;
			sourceTree = "<group>";
		};
		BDD1F73C2417A949006B87B7 /* MainStoryBoard */ = {
			isa = PBXGroup;
			children = (
				BDD1F73E2417AA1B006B87B7 /* View */,
				BDD1F73D2417AA10006B87B7 /* Presenter */,
			);
			path = MainStoryBoard;
			sourceTree = "<group>";
		};
		BDD1F73D2417AA10006B87B7 /* Presenter */ = {
			isa = PBXGroup;
			children = (
				BDD1F7402417AA38006B87B7 /* SplashScreen */,
			);
			path = Presenter;
			sourceTree = "<group>";
		};
		BDD1F73E2417AA1B006B87B7 /* View */ = {
			isa = PBXGroup;
			children = (
				BDCF6A67240D13B500DD46F7 /* MainViewController.swift */,
				BDCF6A69240D16D400DD46F7 /* WelcomeViewController.swift */,
				BDD1F73F2417AA2E006B87B7 /* SplashScreen */,
				BDA3F8802420CA9100705569 /* Language */,
				BD12EB472422266800001437 /* Location */,
			);
			path = View;
			sourceTree = "<group>";
		};
		BDD1F73F2417AA2E006B87B7 /* SplashScreen */ = {
			isa = PBXGroup;
			children = (
				BDD1F7432417AA8A006B87B7 /* SplashVC.swift */,
			);
			path = SplashScreen;
			sourceTree = "<group>";
		};
		BDD1F7402417AA38006B87B7 /* SplashScreen */ = {
			isa = PBXGroup;
			children = (
				BD287BC9243B0BD100373170 /* SplashVCPresenter.swift */,
			);
			path = SplashScreen;
			sourceTree = "<group>";
		};
		BDD1F7452417B5A4006B87B7 /* Fonts */ = {
			isa = PBXGroup;
			children = (
			);
			path = Fonts;
			sourceTree = "<group>";
		};
		BDFCFE47241E4AF80033D031 /* Loader */ = {
			isa = PBXGroup;
			children = (
				BDFCFE48241E4B310033D031 /* SYActivityIndicatorView.swift */,
			);
			path = Loader;
			sourceTree = "<group>";
		};
		BDFFDA542432526F0066F493 /* CalendarMethod */ = {
			isa = PBXGroup;
			children = (
				BDFFDA55243252B70066F493 /* CalendarMethodVC.swift */,
				BDFFDA5D2432E0270066F493 /* CalendarMethodCell */,
			);
			path = CalendarMethod;
			sourceTree = "<group>";
		};
		BDFFDA5D2432E0270066F493 /* CalendarMethodCell */ = {
			isa = PBXGroup;
			children = (
				BDFFDA5E2432E07D0066F493 /* CalendarMethodCell.swift */,
			);
			path = CalendarMethodCell;
			sourceTree = "<group>";
		};
		BDFFDA602432EEBA0066F493 /* SettingCell */ = {
			isa = PBXGroup;
			children = (
				BDFFDA612432EEDD0066F493 /* SettingCell.swift */,
			);
			path = SettingCell;
			sourceTree = "<group>";
		};
		BDFFDA67243358F20066F493 /* SettingsLocation */ = {
			isa = PBXGroup;
			children = (
				BDFFDA68243359180066F493 /* SettingsLocationVC.swift */,
			);
			path = SettingsLocation;
			sourceTree = "<group>";
		};
		BDFFDA6E2434C4270066F493 /* ImportToCalendar */ = {
			isa = PBXGroup;
			children = (
				BDFFDA6F2434C44A0066F493 /* ImportToCalendarVC.swift */,
			);
			path = ImportToCalendar;
			sourceTree = "<group>";
		};
		BDFFDA7124360D5D0066F493 /* PrayerTimeBuffer */ = {
			isa = PBXGroup;
			children = (
				BDFFDA7224360D7F0066F493 /* PrayerTimeBufferVC.swift */,
				BDFFDA7B243622400066F493 /* PrayerTimeBufferVC+PresenterDelegate.swift */,
				BDFFDA7424361D460066F493 /* PrayerTimeBufferCell */,
			);
			path = PrayerTimeBuffer;
			sourceTree = "<group>";
		};
		BDFFDA7424361D460066F493 /* PrayerTimeBufferCell */ = {
			isa = PBXGroup;
			children = (
				BDFFDA7524361D660066F493 /* PrayerTimeBufferCell.swift */,
			);
			path = PrayerTimeBufferCell;
			sourceTree = "<group>";
		};
		BDFFDA7724361E0F0066F493 /* Presenter */ = {
			isa = PBXGroup;
			children = (
				BD287BCB243B464600373170 /* Settings */,
				BD287BCE243B509D00373170 /* SettingsLocation */,
				BDFFDA7824361E3C0066F493 /* PrayerTimeBuffer */,
			);
			path = Presenter;
			sourceTree = "<group>";
		};
		BDFFDA7824361E3C0066F493 /* PrayerTimeBuffer */ = {
			isa = PBXGroup;
			children = (
				BDFFDA7924361E5C0066F493 /* PrayerTimeBufferVCPresenter.swift */,
			);
			path = PrayerTimeBuffer;
			sourceTree = "<group>";
		};
		C7827DD965501B07B1947142 /* Frameworks */ = {
			isa = PBXGroup;
			children = (
				7E1AAC8FDC32641284F33D08 /* Pods_PrayerMate.framework */,
			);
			name = Frameworks;
			sourceTree = "<group>";
		};
		D81FA761D7CC63B71CE87CE0 /* Pods */ = {
			isa = PBXGroup;
			children = (
				B9165590C6B8B564D385D5DC /* Pods-PrayerMate.debug.xcconfig */,
				99F20701864EACE850C8951F /* Pods-PrayerMate.release.xcconfig */,
			);
			path = Pods;
			sourceTree = "<group>";
		};
/* End PBXGroup section */

/* Begin PBXNativeTarget section */
		BDAA26C62404F3A80064C8D4 /* PrayerMate */ = {
			isa = PBXNativeTarget;
			buildConfigurationList = BDAA26DB2404F3A90064C8D4 /* Build configuration list for PBXNativeTarget "PrayerMate" */;
			buildPhases = (
				C6A1D35E14AEF60C583EBC59 /* [CP] Check Pods Manifest.lock */,
				BDAA26C32404F3A80064C8D4 /* Sources */,
				BDAA26C42404F3A80064C8D4 /* Frameworks */,
				BDAA26C52404F3A80064C8D4 /* Resources */,
				336388DE84B814DDCC6139A1 /* [CP] Embed Pods Frameworks */,
				F8246103EF4F139BDAF04CB8 /* [CP] Copy Pods Resources */,
			);
			buildRules = (
			);
			dependencies = (
			);
			name = PrayerMate;
			productName = PrayerMate;
			productReference = BDAA26C72404F3A80064C8D4 /* PrayerMate.app */;
			productType = "com.apple.product-type.application";
		};
/* End PBXNativeTarget section */

/* Begin PBXProject section */
		BDAA26BF2404F3A70064C8D4 /* Project object */ = {
			isa = PBXProject;
			attributes = {
				LastSwiftUpdateCheck = 1100;
				LastUpgradeCheck = 1100;
				ORGANIZATIONNAME = "eman shedeed";
				TargetAttributes = {
					BDAA26C62404F3A80064C8D4 = {
						CreatedOnToolsVersion = 11.0;
					};
				};
			};
			buildConfigurationList = BDAA26C22404F3A80064C8D4 /* Build configuration list for PBXProject "PrayerMate" */;
			compatibilityVersion = "Xcode 9.3";
			developmentRegion = en;
			hasScannedForEncodings = 0;
			knownRegions = (
				en,
				Base,
				"ar-SA",
			);
			mainGroup = BDAA26BE2404F3A70064C8D4;
			productRefGroup = BDAA26C82404F3A80064C8D4 /* Products */;
			projectDirPath = "";
			projectRoot = "";
			targets = (
				BDAA26C62404F3A80064C8D4 /* PrayerMate */,
			);
		};
/* End PBXProject section */

/* Begin PBXResourcesBuildPhase section */
		BDAA26C52404F3A80064C8D4 /* Resources */ = {
			isa = PBXResourcesBuildPhase;
			buildActionMask = 2147483647;
			files = (
				BDAA26D72404F3A90064C8D4 /* LaunchScreen.storyboard in Resources */,
				BDCF6A6C240D1E8500DD46F7 /* AuthSettings.plist in Resources */,
				BDA3F876241F80D400705569 /* Localizable.strings in Resources */,
				BDAA26D42404F3A90064C8D4 /* Assets.xcassets in Resources */,
				BDAA26E32405416B0064C8D4 /* GoogleService-Info.plist in Resources */,
				BDA3F8842420DE5A00705569 /* ColorAssets.xcassets in Resources */,
				BD65890F24307CA300FEE06C /* Settings.storyboard in Resources */,
				BDAA26D22404F3A80064C8D4 /* Main.storyboard in Resources */,
				BD0C9043242358D5000B8EAC /* Home.storyboard in Resources */,
			);
			runOnlyForDeploymentPostprocessing = 0;
		};
/* End PBXResourcesBuildPhase section */

/* Begin PBXShellScriptBuildPhase section */
		336388DE84B814DDCC6139A1 /* [CP] Embed Pods Frameworks */ = {
			isa = PBXShellScriptBuildPhase;
			buildActionMask = 2147483647;
			files = (
			);
			inputFileListPaths = (
				"${PODS_ROOT}/Target Support Files/Pods-PrayerMate/Pods-PrayerMate-frameworks-${CONFIGURATION}-input-files.xcfilelist",
			);
			name = "[CP] Embed Pods Frameworks";
			outputFileListPaths = (
				"${PODS_ROOT}/Target Support Files/Pods-PrayerMate/Pods-PrayerMate-frameworks-${CONFIGURATION}-output-files.xcfilelist",
			);
			runOnlyForDeploymentPostprocessing = 0;
			shellPath = /bin/sh;
			shellScript = "\"${PODS_ROOT}/Target Support Files/Pods-PrayerMate/Pods-PrayerMate-frameworks.sh\"\n";
			showEnvVarsInLog = 0;
		};
		C6A1D35E14AEF60C583EBC59 /* [CP] Check Pods Manifest.lock */ = {
			isa = PBXShellScriptBuildPhase;
			buildActionMask = 2147483647;
			files = (
			);
			inputFileListPaths = (
			);
			inputPaths = (
				"${PODS_PODFILE_DIR_PATH}/Podfile.lock",
				"${PODS_ROOT}/Manifest.lock",
			);
			name = "[CP] Check Pods Manifest.lock";
			outputFileListPaths = (
			);
			outputPaths = (
				"$(DERIVED_FILE_DIR)/Pods-PrayerMate-checkManifestLockResult.txt",
			);
			runOnlyForDeploymentPostprocessing = 0;
			shellPath = /bin/sh;
			shellScript = "diff \"${PODS_PODFILE_DIR_PATH}/Podfile.lock\" \"${PODS_ROOT}/Manifest.lock\" > /dev/null\nif [ $? != 0 ] ; then\n    # print error to STDERR\n    echo \"error: The sandbox is not in sync with the Podfile.lock. Run 'pod install' or update your CocoaPods installation.\" >&2\n    exit 1\nfi\n# This output is used by Xcode 'outputs' to avoid re-running this script phase.\necho \"SUCCESS\" > \"${SCRIPT_OUTPUT_FILE_0}\"\n";
			showEnvVarsInLog = 0;
		};
		F8246103EF4F139BDAF04CB8 /* [CP] Copy Pods Resources */ = {
			isa = PBXShellScriptBuildPhase;
			buildActionMask = 2147483647;
			files = (
			);
			inputFileListPaths = (
				"${PODS_ROOT}/Target Support Files/Pods-PrayerMate/Pods-PrayerMate-resources-${CONFIGURATION}-input-files.xcfilelist",
			);
			name = "[CP] Copy Pods Resources";
			outputFileListPaths = (
				"${PODS_ROOT}/Target Support Files/Pods-PrayerMate/Pods-PrayerMate-resources-${CONFIGURATION}-output-files.xcfilelist",
			);
			runOnlyForDeploymentPostprocessing = 0;
			shellPath = /bin/sh;
			shellScript = "\"${PODS_ROOT}/Target Support Files/Pods-PrayerMate/Pods-PrayerMate-resources.sh\"\n";
			showEnvVarsInLog = 0;
		};
/* End PBXShellScriptBuildPhase section */

/* Begin PBXSourcesBuildPhase section */
		BDAA26C32404F3A80064C8D4 /* Sources */ = {
			isa = PBXSourcesBuildPhase;
			buildActionMask = 2147483647;
			files = (
				BDFCFE432418E78A0033D031 /* UIViewExtension.swift in Sources */,
				BDD1F74A2417B5C7006B87B7 /* UIString+Extension.swift in Sources */,
				BD65891E2430D0EC00FEE06C /* FrequentlyQuestionsVC.swift in Sources */,
				BDFFDA7A24361E5C0066F493 /* PrayerTimeBufferVCPresenter.swift in Sources */,
				BD5FC48D24320C5D0033BCCE /* BaseVC.swift in Sources */,
				BDFFDA7C243622400066F493 /* PrayerTimeBufferVC+PresenterDelegate.swift in Sources */,
				BD2E0BF12431D64800D2B6E6 /* AboutVC.swift in Sources */,
				BD287BCD243B466800373170 /* SettingVCPresenter.swift in Sources */,
				BDFCFE442418E78A0033D031 /* UIFontExtension.swift in Sources */,
				BDFFDA662432F5B80066F493 /* SettingVC+delegate.swift in Sources */,
				BDD1F7512417B60E006B87B7 /* Helper.swift in Sources */,
				BDCF6A68240D13B500DD46F7 /* MainViewController.swift in Sources */,
				BD0C905524273A8B000B8EAC /* UIButton+Extension.swift in Sources */,
				BD287BD0243B50BA00373170 /* SettingsLocationVCPresenter.swift in Sources */,
				BD12EB492422267F00001437 /* LocationVC.swift in Sources */,
				BD77215824165829008A8947 /* PrayerTime.swift in Sources */,
				BDCF6A6A240D16D400DD46F7 /* WelcomeViewController.swift in Sources */,
				BDFCFE49241E4B310033D031 /* SYActivityIndicatorView.swift in Sources */,
				BD12EB4B2422290C00001437 /* RoundedTextField.swift in Sources */,
				BDFFDA5F2432E07D0066F493 /* CalendarMethodCell.swift in Sources */,
				BD287BCA243B0BD100373170 /* SplashVCPresenter.swift in Sources */,
				BD0C905A24276C13000B8EAC /* MapVC.swift in Sources */,
				BDA3F871241F7E2B00705569 /* localizedText+Extension.swift in Sources */,
				BDD1F7492417B5C7006B87B7 /* UIImage+Extension.swift in Sources */,
				BDD1F74B2417B5C7006B87B7 /* UIColor+Externsion.swift in Sources */,
				BD0C905C242787E9000B8EAC /* PrayerTimeAnnual.swift in Sources */,
				BDFFDA7E243635870066F493 /* PrayerTimeBuffer.swift in Sources */,
				BDCF6A6F240D257A00DD46F7 /* AuthenticationManager.swift in Sources */,
				BDA3F868241F712400705569 /* BundleExtension.swift in Sources */,
				BDFFDA56243252B70066F493 /* CalendarMethodVC.swift in Sources */,
				BD0C90502423B175000B8EAC /* HomeVC+PresenterDelegate.swift in Sources */,
				BDFFDA622432EEDD0066F493 /* SettingCell.swift in Sources */,
				BDFFDA702434C44A0066F493 /* ImportToCalendarVC.swift in Sources */,
				BD0C90482423A161000B8EAC /* HomeVC.swift in Sources */,
				BD0C905924276C13000B8EAC /* LocationSearchtable.swift in Sources */,
				BD0C904A2423A4C8000B8EAC /* PrayerTimeCell.swift in Sources */,
				BD42746D242A4459007DE9AC /* CustomJTAppleCalendarCell.swift in Sources */,
				BD6589152430944500FEE06C /* SettingVC.swift in Sources */,
				BDFFDA69243359180066F493 /* SettingsLocationVC.swift in Sources */,
				BDFFDA6D24338A9C0066F493 /* MapNavVC.swift in Sources */,
				BDA3F8822420CAAC00705569 /* LanguageVC.swift in Sources */,
				BD0C90532423B49D000B8EAC /* HomeVC+PrayerTimeCellDelegate.swift in Sources */,
				BDFFDA7324360D7F0066F493 /* PrayerTimeBufferVC.swift in Sources */,
				BDFFDA7624361D660066F493 /* PrayerTimeBufferCell.swift in Sources */,
				BD6589212430D2B100FEE06C /* QuestionCell.swift in Sources */,
				BD0C904E2423A620000B8EAC /* HomeVCPresenter.swift in Sources */,
				BDD1F74F2417B5E3006B87B7 /* Font.swift in Sources */,
				BDAA26CB2404F3A80064C8D4 /* AppDelegate.swift in Sources */,
				BD371D902439DA3B00ED2874 /* CustomActionVC.swift in Sources */,
				BDD1F7442417AA8A006B87B7 /* SplashVC.swift in Sources */,
				BDA3F88624211E7400705569 /* ImageGif.swift in Sources */,
				BDA3F86F241F7AFC00705569 /* UserDefaultsUtility.swift in Sources */,
				BDA3F86B241F712400705569 /* Application.swift in Sources */,
				BDA3F869241F712400705569 /* main.swift in Sources */,
				BDA3F87F2420C86600705569 /* UIStoryboard+Extension.swift in Sources */,
				BDA3F86D241F715D00705569 /* AppSetting.swift in Sources */,
				BDCF6A71240D273F00DD46F7 /* GraphManager.swift in Sources */,
				BD12EB46242225EB00001437 /* RoundedButton.swift in Sources */,
				BDD1F74E2417B5E3006B87B7 /* Constants.swift in Sources */,
				BDA3F86A241F712400705569 /* LanguageManager.swift in Sources */,
			);
			runOnlyForDeploymentPostprocessing = 0;
		};
/* End PBXSourcesBuildPhase section */

/* Begin PBXVariantGroup section */
		BDA3F878241F80D400705569 /* Localizable.strings */ = {
			isa = PBXVariantGroup;
			children = (
				BDA3F877241F80D400705569 /* en */,
				BDA3F879241F80D800705569 /* ar-SA */,
			);
			name = Localizable.strings;
			sourceTree = "<group>";
		};
		BDAA26D02404F3A80064C8D4 /* Main.storyboard */ = {
			isa = PBXVariantGroup;
			children = (
				BDAA26D12404F3A80064C8D4 /* Base */,
				BDA3F872241F7EF600705569 /* ar-SA */,
			);
			name = Main.storyboard;
			sourceTree = "<group>";
		};
		BDAA26D52404F3A90064C8D4 /* LaunchScreen.storyboard */ = {
			isa = PBXVariantGroup;
			children = (
				BDAA26D62404F3A90064C8D4 /* Base */,
				BDA3F873241F7EF700705569 /* ar-SA */,
			);
			name = LaunchScreen.storyboard;
			sourceTree = "<group>";
		};
/* End PBXVariantGroup section */

/* Begin XCBuildConfiguration section */
		BDAA26D92404F3A90064C8D4 /* Debug */ = {
			isa = XCBuildConfiguration;
			buildSettings = {
				ALWAYS_SEARCH_USER_PATHS = NO;
				CLANG_ANALYZER_LOCALIZABILITY_NONLOCALIZED = YES;
				CLANG_ANALYZER_NONNULL = YES;
				CLANG_ANALYZER_NUMBER_OBJECT_CONVERSION = YES_AGGRESSIVE;
				CLANG_CXX_LANGUAGE_STANDARD = "gnu++14";
				CLANG_CXX_LIBRARY = "libc++";
				CLANG_ENABLE_MODULES = YES;
				CLANG_ENABLE_OBJC_ARC = YES;
				CLANG_ENABLE_OBJC_WEAK = YES;
				CLANG_WARN_BLOCK_CAPTURE_AUTORELEASING = YES;
				CLANG_WARN_BOOL_CONVERSION = YES;
				CLANG_WARN_COMMA = YES;
				CLANG_WARN_CONSTANT_CONVERSION = YES;
				CLANG_WARN_DEPRECATED_OBJC_IMPLEMENTATIONS = YES;
				CLANG_WARN_DIRECT_OBJC_ISA_USAGE = YES_ERROR;
				CLANG_WARN_DOCUMENTATION_COMMENTS = YES;
				CLANG_WARN_EMPTY_BODY = YES;
				CLANG_WARN_ENUM_CONVERSION = YES;
				CLANG_WARN_INFINITE_RECURSION = YES;
				CLANG_WARN_INT_CONVERSION = YES;
				CLANG_WARN_NON_LITERAL_NULL_CONVERSION = YES;
				CLANG_WARN_OBJC_IMPLICIT_RETAIN_SELF = YES;
				CLANG_WARN_OBJC_LITERAL_CONVERSION = YES;
				CLANG_WARN_OBJC_ROOT_CLASS = YES_ERROR;
				CLANG_WARN_RANGE_LOOP_ANALYSIS = YES;
				CLANG_WARN_STRICT_PROTOTYPES = YES;
				CLANG_WARN_SUSPICIOUS_MOVE = YES;
				CLANG_WARN_UNGUARDED_AVAILABILITY = YES_AGGRESSIVE;
				CLANG_WARN_UNREACHABLE_CODE = YES;
				CLANG_WARN__DUPLICATE_METHOD_MATCH = YES;
				COPY_PHASE_STRIP = NO;
				DEBUG_INFORMATION_FORMAT = dwarf;
				ENABLE_STRICT_OBJC_MSGSEND = YES;
				ENABLE_TESTABILITY = YES;
				GCC_C_LANGUAGE_STANDARD = gnu11;
				GCC_DYNAMIC_NO_PIC = NO;
				GCC_NO_COMMON_BLOCKS = YES;
				GCC_OPTIMIZATION_LEVEL = 0;
				GCC_PREPROCESSOR_DEFINITIONS = (
					"DEBUG=1",
					"$(inherited)",
				);
				GCC_WARN_64_TO_32_BIT_CONVERSION = YES;
				GCC_WARN_ABOUT_RETURN_TYPE = YES_ERROR;
				GCC_WARN_UNDECLARED_SELECTOR = YES;
				GCC_WARN_UNINITIALIZED_AUTOS = YES_AGGRESSIVE;
				GCC_WARN_UNUSED_FUNCTION = YES;
				GCC_WARN_UNUSED_VARIABLE = YES;
				IPHONEOS_DEPLOYMENT_TARGET = 11.0;
				MTL_ENABLE_DEBUG_INFO = INCLUDE_SOURCE;
				MTL_FAST_MATH = YES;
				ONLY_ACTIVE_ARCH = YES;
				SDKROOT = iphoneos;
				SWIFT_ACTIVE_COMPILATION_CONDITIONS = DEBUG;
				SWIFT_OPTIMIZATION_LEVEL = "-Onone";
			};
			name = Debug;
		};
		BDAA26DA2404F3A90064C8D4 /* Release */ = {
			isa = XCBuildConfiguration;
			buildSettings = {
				ALWAYS_SEARCH_USER_PATHS = NO;
				CLANG_ANALYZER_LOCALIZABILITY_NONLOCALIZED = YES;
				CLANG_ANALYZER_NONNULL = YES;
				CLANG_ANALYZER_NUMBER_OBJECT_CONVERSION = YES_AGGRESSIVE;
				CLANG_CXX_LANGUAGE_STANDARD = "gnu++14";
				CLANG_CXX_LIBRARY = "libc++";
				CLANG_ENABLE_MODULES = YES;
				CLANG_ENABLE_OBJC_ARC = YES;
				CLANG_ENABLE_OBJC_WEAK = YES;
				CLANG_WARN_BLOCK_CAPTURE_AUTORELEASING = YES;
				CLANG_WARN_BOOL_CONVERSION = YES;
				CLANG_WARN_COMMA = YES;
				CLANG_WARN_CONSTANT_CONVERSION = YES;
				CLANG_WARN_DEPRECATED_OBJC_IMPLEMENTATIONS = YES;
				CLANG_WARN_DIRECT_OBJC_ISA_USAGE = YES_ERROR;
				CLANG_WARN_DOCUMENTATION_COMMENTS = YES;
				CLANG_WARN_EMPTY_BODY = YES;
				CLANG_WARN_ENUM_CONVERSION = YES;
				CLANG_WARN_INFINITE_RECURSION = YES;
				CLANG_WARN_INT_CONVERSION = YES;
				CLANG_WARN_NON_LITERAL_NULL_CONVERSION = YES;
				CLANG_WARN_OBJC_IMPLICIT_RETAIN_SELF = YES;
				CLANG_WARN_OBJC_LITERAL_CONVERSION = YES;
				CLANG_WARN_OBJC_ROOT_CLASS = YES_ERROR;
				CLANG_WARN_RANGE_LOOP_ANALYSIS = YES;
				CLANG_WARN_STRICT_PROTOTYPES = YES;
				CLANG_WARN_SUSPICIOUS_MOVE = YES;
				CLANG_WARN_UNGUARDED_AVAILABILITY = YES_AGGRESSIVE;
				CLANG_WARN_UNREACHABLE_CODE = YES;
				CLANG_WARN__DUPLICATE_METHOD_MATCH = YES;
				COPY_PHASE_STRIP = NO;
				DEBUG_INFORMATION_FORMAT = "dwarf-with-dsym";
				ENABLE_NS_ASSERTIONS = NO;
				ENABLE_STRICT_OBJC_MSGSEND = YES;
				GCC_C_LANGUAGE_STANDARD = gnu11;
				GCC_NO_COMMON_BLOCKS = YES;
				GCC_WARN_64_TO_32_BIT_CONVERSION = YES;
				GCC_WARN_ABOUT_RETURN_TYPE = YES_ERROR;
				GCC_WARN_UNDECLARED_SELECTOR = YES;
				GCC_WARN_UNINITIALIZED_AUTOS = YES_AGGRESSIVE;
				GCC_WARN_UNUSED_FUNCTION = YES;
				GCC_WARN_UNUSED_VARIABLE = YES;
				IPHONEOS_DEPLOYMENT_TARGET = 11.0;
				MTL_ENABLE_DEBUG_INFO = NO;
				MTL_FAST_MATH = YES;
				SDKROOT = iphoneos;
				SWIFT_COMPILATION_MODE = wholemodule;
				SWIFT_OPTIMIZATION_LEVEL = "-O";
				VALIDATE_PRODUCT = YES;
			};
			name = Release;
		};
		BDAA26DC2404F3A90064C8D4 /* Debug */ = {
			isa = XCBuildConfiguration;
			baseConfigurationReference = B9165590C6B8B564D385D5DC /* Pods-PrayerMate.debug.xcconfig */;
			buildSettings = {
				ASSETCATALOG_COMPILER_APPICON_NAME = AppIcon;
				CODE_SIGN_ENTITLEMENTS = PrayerMate/PrayerMate.entitlements;
				CODE_SIGN_STYLE = Automatic;
				DEVELOPMENT_TEAM = PU8FM4JDVA;
				INFOPLIST_FILE = PrayerMate/Info.plist;
				LD_RUNPATH_SEARCH_PATHS = (
					"$(inherited)",
					"@executable_path/Frameworks",
				);
				PRODUCT_BUNDLE_IDENTIFIER = "black-squares.com.PrayersMate";
				PRODUCT_NAME = "$(TARGET_NAME)";
				SWIFT_VERSION = 5.0;
				TARGETED_DEVICE_FAMILY = 1;
			};
			name = Debug;
		};
		BDAA26DD2404F3A90064C8D4 /* Release */ = {
			isa = XCBuildConfiguration;
			baseConfigurationReference = 99F20701864EACE850C8951F /* Pods-PrayerMate.release.xcconfig */;
			buildSettings = {
				ASSETCATALOG_COMPILER_APPICON_NAME = AppIcon;
				CODE_SIGN_ENTITLEMENTS = PrayerMate/PrayerMate.entitlements;
				CODE_SIGN_STYLE = Automatic;
				DEVELOPMENT_TEAM = PU8FM4JDVA;
				INFOPLIST_FILE = PrayerMate/Info.plist;
				LD_RUNPATH_SEARCH_PATHS = (
					"$(inherited)",
					"@executable_path/Frameworks",
				);
				PRODUCT_BUNDLE_IDENTIFIER = "black-squares.com.PrayersMate";
				PRODUCT_NAME = "$(TARGET_NAME)";
				SWIFT_VERSION = 5.0;
				TARGETED_DEVICE_FAMILY = 1;
			};
			name = Release;
		};
/* End XCBuildConfiguration section */

/* Begin XCConfigurationList section */
		BDAA26C22404F3A80064C8D4 /* Build configuration list for PBXProject "PrayerMate" */ = {
			isa = XCConfigurationList;
			buildConfigurations = (
				BDAA26D92404F3A90064C8D4 /* Debug */,
				BDAA26DA2404F3A90064C8D4 /* Release */,
			);
			defaultConfigurationIsVisible = 0;
			defaultConfigurationName = Release;
		};
		BDAA26DB2404F3A90064C8D4 /* Build configuration list for PBXNativeTarget "PrayerMate" */ = {
			isa = XCConfigurationList;
			buildConfigurations = (
				BDAA26DC2404F3A90064C8D4 /* Debug */,
				BDAA26DD2404F3A90064C8D4 /* Release */,
			);
			defaultConfigurationIsVisible = 0;
			defaultConfigurationName = Release;
		};
/* End XCConfigurationList section */
	};
	rootObject = BDAA26BF2404F3A70064C8D4 /* Project object */;
}
